<?xml version="1.0" encoding="utf-8"?>
<Project ToolsVersion="4.0" xmlns="http://schemas.microsoft.com/developer/msbuild/2003">
  <ItemGroup>
    <ClInclude Include="SharedMemoryStructs.h">
      <Filter>Watchog IPC</Filter>
    </ClInclude>
    <ClInclude Include="FileMapping.hpp">
      <Filter>IPC Internals</Filter>
    </ClInclude>
    <ClInclude Include="MappedViewOfFile.hpp">
      <Filter>IPC Internals</Filter>
    </ClInclude>
    <ClInclude Include="Movie.hpp">
      <Filter>Models</Filter>
    </ClInclude>
    <ClInclude Include="MovieList.hpp">
      <Filter>Models</Filter>
    </ClInclude>
    <ClInclude Include="AutoCloseHandle.hpp">
      <Filter>OS</Filter>
    </ClInclude>
    <ClInclude Include="Mutex.hpp">
      <Filter>Sync</Filter>
    </ClInclude>
    <ClInclude Include="LockedMutex.hpp">
      <Filter>Sync</Filter>
    </ClInclude>
    <ClInclude Include="Config.hpp">
      <Filter>Common</Filter>
    </ClInclude>
    <ClInclude Include="Exceptions.hpp">
      <Filter>Common</Filter>
    </ClInclude>
    <ClInclude Include="IPCPeer.hpp">
      <Filter>Watchog IPC</Filter>
    </ClInclude>
    <ClInclude Include="SharedMovieListUtils.hpp">
      <Filter>Watchog IPC</Filter>
    </ClInclude>
  </ItemGroup>
  <ItemGroup>
    <ClCompile Include="Mutex.cpp">
      <Filter>Sync</Filter>
    </ClCompile>
    <ClCompile Include="LockedMutex.cpp">
      <Filter>Sync</Filter>
    </ClCompile>
    <ClCompile Include="FileMapping.cpp">
      <Filter>IPC Internals</Filter>
    </ClCompile>
    <ClCompile Include="AutoCloseHandle.cpp">
      <Filter>OS</Filter>
    </ClCompile>
    <ClCompile Include="IPCPeer.cpp">
      <Filter>Watchog IPC</Filter>
    </ClCompile>
    <ClCompile Include="MappedViewOfFile.cpp">
      <Filter>IPC Internals</Filter>
    </ClCompile>
    <ClCompile Include="Movie.cpp">
      <Filter>Models</Filter>
    </ClCompile>
    <ClCompile Include="MovieList.cpp">
      <Filter>Models</Filter>
    </ClCompile>
    <ClCompile Include="SharedMovieListUtils.cpp">
      <Filter>Watchog IPC</Filter>
    </ClCompile>
  </ItemGroup>
  <ItemGroup>
    <Filter Include="IPC Internals">
      <UniqueIdentifier>{f6772784-2990-42d3-bbd8-9ea3b4ff8e3e}</UniqueIdentifier>
    </Filter>
    <Filter Include="Common">
      <UniqueIdentifier>{224cfd15-0b5d-4d55-b514-e01204f0f7ef}</UniqueIdentifier>
    </Filter>
    <Filter Include="OS">
      <UniqueIdentifier>{f275650f-fbeb-4bd6-a41b-5b4094951fad}</UniqueIdentifier>
    </Filter>
    <Filter Include="Sync">
      <UniqueIdentifier>{9223a471-fbca-4f26-b0c0-82d373451e3c}</UniqueIdentifier>
    </Filter>
    <Filter Include="Watchog IPC">
      <UniqueIdentifier>{84aa58f2-c1d0-455d-b8b7-bff8acd13350}</UniqueIdentifier>
    </Filter>
    <Filter Include="Models">
      <UniqueIdentifier>{b5171529-07b7-44d2-be11-546b693e8569}</UniqueIdentifier>
    </Filter>
  </ItemGroup>
</Project>