<?xml version="1.0" encoding="utf-8"?>
<Project ToolsVersion="4.0" xmlns="http://schemas.microsoft.com/developer/msbuild/2003">
  <ItemGroup>
    <ClInclude Include="AutoCloseHandle.h" />
    <ClInclude Include="Exceptions.h" />
    <ClInclude Include="SharedMemory.h" />
    <ClInclude Include="FileMapping.h" />
    <ClInclude Include="Models.h" />
    <ClInclude Include="IPCServer.h" />
    <ClInclude Include="Config.h" />
    <ClInclude Include="IPCPeer.h" />
    <ClInclude Include="IPCClient.h" />
    <ClInclude Include="Mutex.h" />
    <ClInclude Include="LockedMutex.h" />
  </ItemGroup>
  <ItemGroup>
    <ClCompile Include="AutoCloseHandle.cpp" />
    <ClCompile Include="SharedMemory.cpp" />
    <ClCompile Include="FileMapping.cpp" />
    <ClCompile Include="IPCServer.cpp" />
    <ClCompile Include="IPCPeer.cpp" />
    <ClCompile Include="IPCClient.cpp" />
    <ClCompile Include="Mutex.cpp" />
    <ClCompile Include="LockedMutex.cpp" />
  </ItemGroup>
</Project>