<?xml version="1.0" encoding="utf-8"?>
<Project ToolsVersion="4.0" xmlns="http://schemas.microsoft.com/developer/msbuild/2003">
  <ItemGroup>
    <Filter Include="Generated Files">
      <UniqueIdentifier>{8a0945a5-89cd-4be1-81ab-e78a3fab9fb8}</UniqueIdentifier>
      <SourceControlFiles>False</SourceControlFiles>
    </Filter>
    <Filter Include="Resources">
      <UniqueIdentifier>{67DA6AB6-F800-4c08-8B7A-83BB121AAD01}</UniqueIdentifier>
      <Extensions>rc;ico;cur;bmp;dlg;rc2;rct;bin;rgs;gif;jpg;jpeg;jpe;resx;tiff;tif;png;wav;mfcribbon-ms</Extensions>
    </Filter>
    <Filter Include="ATL Stuff">
      <UniqueIdentifier>{e5f34a69-9692-4ee5-97c4-0f71aea87947}</UniqueIdentifier>
    </Filter>
    <Filter Include="WatchedOverlayIcon">
      <UniqueIdentifier>{0e1e7398-9d1b-499c-bf84-b41a2860285e}</UniqueIdentifier>
    </Filter>
  </ItemGroup>
  <ItemGroup>
    <ClCompile Include="WatchogShellExtension_i.c">
      <Filter>Generated Files</Filter>
    </ClCompile>
    <ClCompile Include="dllmain.cpp">
      <Filter>ATL Stuff</Filter>
    </ClCompile>
    <ClCompile Include="stdafx.cpp">
      <Filter>ATL Stuff</Filter>
    </ClCompile>
    <ClCompile Include="WatchedOverlayIcon.cpp">
      <Filter>WatchedOverlayIcon</Filter>
    </ClCompile>
    <ClCompile Include="dllimpl.cpp">
      <Filter>ATL Stuff</Filter>
    </ClCompile>
  </ItemGroup>
  <ItemGroup>
    <ClInclude Include="WatchogShellExtension_i.h">
      <Filter>Generated Files</Filter>
    </ClInclude>
    <ClInclude Include="Resource.h">
      <Filter>ATL Stuff</Filter>
    </ClInclude>
    <ClInclude Include="targetver.h">
      <Filter>ATL Stuff</Filter>
    </ClInclude>
    <ClInclude Include="WatchedOverlayIcon.hpp">
      <Filter>WatchedOverlayIcon</Filter>
    </ClInclude>
    <ClInclude Include="dllmain.hpp">
      <Filter>ATL Stuff</Filter>
    </ClInclude>
    <ClInclude Include="stdafx.hpp">
      <Filter>ATL Stuff</Filter>
    </ClInclude>
  </ItemGroup>
  <ItemGroup>
    <ResourceCompile Include="Watchog.ShellExtension.rc">
      <Filter>Resources</Filter>
    </ResourceCompile>
  </ItemGroup>
  <ItemGroup>
    <None Include="Watchog.ShellExtension.rgs">
      <Filter>Resources</Filter>
    </None>
    <None Include="WatchedOverlayIcon.rgs">
      <Filter>WatchedOverlayIcon</Filter>
    </None>
    <None Include="ShellExtension.def" />
  </ItemGroup>
  <ItemGroup>
    <Image Include="watched_icon.ico">
      <Filter>Resources</Filter>
    </Image>
  </ItemGroup>
</Project>